// !$*UTF8*$!
{
	archiveVersion = 1;
	classes = {
	};
	objectVersion = 50;
	objects = {

/* Begin PBXBuildFile section */
		B1284082218879170099C9D2 /* AppDelegate.swift in Sources */ = {isa = PBXBuildFile; fileRef = B1284081218879170099C9D2 /* AppDelegate.swift */; };
		B1284084218879170099C9D2 /* ViewController.swift in Sources */ = {isa = PBXBuildFile; fileRef = B1284083218879170099C9D2 /* ViewController.swift */; };
		B1284087218879170099C9D2 /* Main.storyboard in Resources */ = {isa = PBXBuildFile; fileRef = B1284085218879170099C9D2 /* Main.storyboard */; };
		B12840892188791D0099C9D2 /* Assets.xcassets in Resources */ = {isa = PBXBuildFile; fileRef = B12840882188791D0099C9D2 /* Assets.xcassets */; };
		B128408C2188791D0099C9D2 /* LaunchScreen.storyboard in Resources */ = {isa = PBXBuildFile; fileRef = B128408A2188791D0099C9D2 /* LaunchScreen.storyboard */; };
		B12840972188791D0099C9D2 /* FirstTests.swift in Sources */ = {isa = PBXBuildFile; fileRef = B12840962188791D0099C9D2 /* FirstTests.swift */; };
		B12840A22188791D0099C9D2 /* FirstUITests.swift in Sources */ = {isa = PBXBuildFile; fileRef = B12840A12188791D0099C9D2 /* FirstUITests.swift */; };
/* End PBXBuildFile section */

/* Begin PBXContainerItemProxy section */
		B12840932188791D0099C9D2 /* PBXContainerItemProxy */ = {
			isa = PBXContainerItemProxy;
			containerPortal = B1284076218879160099C9D2 /* Project object */;
			proxyType = 1;
			remoteGlobalIDString = B128407D218879170099C9D2;
			remoteInfo = First;
		};
		B128409E2188791D0099C9D2 /* PBXContainerItemProxy */ = {
			isa = PBXContainerItemProxy;
			containerPortal = B1284076218879160099C9D2 /* Project object */;
			proxyType = 1;
			remoteGlobalIDString = B128407D218879170099C9D2;
			remoteInfo = First;
		};
/* End PBXContainerItemProxy section */

/* Begin PBXFileReference section */
		B128407E218879170099C9D2 /* First.app */ = {isa = PBXFileReference; explicitFileType = wrapper.application; includeInIndex = 0; path = First.app; sourceTree = BUILT_PRODUCTS_DIR; };
		B1284081218879170099C9D2 /* AppDelegate.swift */ = {isa = PBXFileReference; lastKnownFileType = sourcecode.swift; path = AppDelegate.swift; sourceTree = "<group>"; };
		B1284083218879170099C9D2 /* ViewController.swift */ = {isa = PBXFileReference; lastKnownFileType = sourcecode.swift; path = ViewController.swift; sourceTree = "<group>"; };
		B1284086218879170099C9D2 /* Base */ = {isa = PBXFileReference; lastKnownFileType = file.storyboard; name = Base; path = Base.lproj/Main.storyboard; sourceTree = "<group>"; };
		B12840882188791D0099C9D2 /* Assets.xcassets */ = {isa = PBXFileReference; lastKnownFileType = folder.assetcatalog; path = Assets.xcassets; sourceTree = "<group>"; };
		B128408B2188791D0099C9D2 /* Base */ = {isa = PBXFileReference; lastKnownFileType = file.storyboard; name = Base; path = Base.lproj/LaunchScreen.storyboard; sourceTree = "<group>"; };
		B128408D2188791D0099C9D2 /* Info.plist */ = {isa = PBXFileReference; lastKnownFileType = text.plist.xml; path = Info.plist; sourceTree = "<group>"; };
		B12840922188791D0099C9D2 /* FirstTests.xctest */ = {isa = PBXFileReference; explicitFileType = wrapper.cfbundle; includeInIndex = 0; path = FirstTests.xctest; sourceTree = BUILT_PRODUCTS_DIR; };
		B12840962188791D0099C9D2 /* FirstTests.swift */ = {isa = PBXFileReference; lastKnownFileType = sourcecode.swift; path = FirstTests.swift; sourceTree = "<group>"; };
		B12840982188791D0099C9D2 /* Info.plist */ = {isa = PBXFileReference; lastKnownFileType = text.plist.xml; path = Info.plist; sourceTree = "<group>"; };
		B128409D2188791D0099C9D2 /* FirstUITests.xctest */ = {isa = PBXFileReference; explicitFileType = wrapper.cfbundle; includeInIndex = 0; path = FirstUITests.xctest; sourceTree = BUILT_PRODUCTS_DIR; };
		B12840A12188791D0099C9D2 /* FirstUITests.swift */ = {isa = PBXFileReference; lastKnownFileType = sourcecode.swift; path = FirstUITests.swift; sourceTree = "<group>"; };
		B12840A32188791D0099C9D2 /* Info.plist */ = {isa = PBXFileReference; lastKnownFileType = text.plist.xml; path = Info.plist; sourceTree = "<group>"; };
/* End PBXFileReference section */

/* Begin PBXFrameworksBuildPhase section */
		B128407B218879170099C9D2 /* Frameworks */ = {
			isa = PBXFrameworksBuildPhase;
			buildActionMask = 2147483647;
			files = (
			);
			runOnlyForDeploymentPostprocessing = 0;
		};
		B128408F2188791D0099C9D2 /* Frameworks */ = {
			isa = PBXFrameworksBuildPhase;
			buildActionMask = 2147483647;
			files = (
			);
			runOnlyForDeploymentPostprocessing = 0;
		};
		B128409A2188791D0099C9D2 /* Frameworks */ = {
			isa = PBXFrameworksBuildPhase;
			buildActionMask = 2147483647;
			files = (
			);
			runOnlyForDeploymentPostprocessing = 0;
		};
/* End PBXFrameworksBuildPhase section */

/* Begin PBXGroup section */
		B1284075218879160099C9D2 = {
			isa = PBXGroup;
			children = (
				B1284080218879170099C9D2 /* First */,
				B12840952188791D0099C9D2 /* FirstTests */,
				B12840A02188791D0099C9D2 /* FirstUITests */,
				B128407F218879170099C9D2 /* Products */,
			);
			sourceTree = "<group>";
		};
		B128407F218879170099C9D2 /* Products */ = {
			isa = PBXGroup;
			children = (
				B128407E218879170099C9D2 /* First.app */,
				B12840922188791D0099C9D2 /* FirstTests.xctest */,
				B128409D2188791D0099C9D2 /* FirstUITests.xctest */,
			);
			name = Products;
			sourceTree = "<group>";
		};
		B1284080218879170099C9D2 /* First */ = {
			isa = PBXGroup;
			children = (
				B1284081218879170099C9D2 /* AppDelegate.swift */,
				B1284083218879170099C9D2 /* ViewController.swift */,
				B1284085218879170099C9D2 /* Main.storyboard */,
				B12840882188791D0099C9D2 /* Assets.xcassets */,
				B128408A2188791D0099C9D2 /* LaunchScreen.storyboard */,
				B128408D2188791D0099C9D2 /* Info.plist */,
			);
			path = First;
			sourceTree = "<group>";
		};
		B12840952188791D0099C9D2 /* FirstTests */ = {
			isa = PBXGroup;
			children = (
				B12840962188791D0099C9D2 /* FirstTests.swift */,
				B12840982188791D0099C9D2 /* Info.plist */,
			);
			path = FirstTests;
			sourceTree = "<group>";
		};
		B12840A02188791D0099C9D2 /* FirstUITests */ = {
			isa = PBXGroup;
			children = (
				B12840A12188791D0099C9D2 /* FirstUITests.swift */,
				B12840A32188791D0099C9D2 /* Info.plist */,
			);
			path = FirstUITests;
			sourceTree = "<group>";
		};
/* End PBXGroup section */

/* Begin PBXNativeTarget section */
		B128407D218879170099C9D2 /* First */ = {
			isa = PBXNativeTarget;
			buildConfigurationList = B12840A62188791D0099C9D2 /* Build configuration list for PBXNativeTarget "First" */;
			buildPhases = (
				B128407A218879170099C9D2 /* Sources */,
				B128407B218879170099C9D2 /* Frameworks */,
				B128407C218879170099C9D2 /* Resources */,
			);
			buildRules = (
			);
			dependencies = (
			);
			name = First;
			productName = First;
			productReference = B128407E218879170099C9D2 /* First.app */;
			productType = "com.apple.product-type.application";
		};
		B12840912188791D0099C9D2 /* FirstTests */ = {
			isa = PBXNativeTarget;
			buildConfigurationList = B12840A92188791D0099C9D2 /* Build configuration list for PBXNativeTarget "FirstTests" */;
			buildPhases = (
				B128408E2188791D0099C9D2 /* Sources */,
				B128408F2188791D0099C9D2 /* Frameworks */,
				B12840902188791D0099C9D2 /* Resources */,
			);
			buildRules = (
			);
			dependencies = (
				B12840942188791D0099C9D2 /* PBXTargetDependency */,
			);
			name = FirstTests;
			productName = FirstTests;
			productReference = B12840922188791D0099C9D2 /* FirstTests.xctest */;
			productType = "com.apple.product-type.bundle.unit-test";
		};
		B128409C2188791D0099C9D2 /* FirstUITests */ = {
			isa = PBXNativeTarget;
			buildConfigurationList = B12840AC2188791D0099C9D2 /* Build configuration list for PBXNativeTarget "FirstUITests" */;
			buildPhases = (
				B12840992188791D0099C9D2 /* Sources */,
				B128409A2188791D0099C9D2 /* Frameworks */,
				B128409B2188791D0099C9D2 /* Resources */,
			);
			buildRules = (
			);
			dependencies = (
				B128409F2188791D0099C9D2 /* PBXTargetDependency */,
			);
			name = FirstUITests;
			productName = FirstUITests;
			productReference = B128409D2188791D0099C9D2 /* FirstUITests.xctest */;
			productType = "com.apple.product-type.bundle.ui-testing";
		};
/* End PBXNativeTarget section */

/* Begin PBXProject section */
		B1284076218879160099C9D2 /* Project object */ = {
			isa = PBXProject;
			attributes = {
				LastSwiftUpdateCheck = 1000;
				LastUpgradeCheck = 1000;
				ORGANIZATIONNAME = "Rona Tsai";
				TargetAttributes = {
					B128407D218879170099C9D2 = {
						CreatedOnToolsVersion = 10.0;
					};
					B12840912188791D0099C9D2 = {
						CreatedOnToolsVersion = 10.0;
						TestTargetID = B128407D218879170099C9D2;
					};
					B128409C2188791D0099C9D2 = {
						CreatedOnToolsVersion = 10.0;
						TestTargetID = B128407D218879170099C9D2;
					};
				};
			};
			buildConfigurationList = B1284079218879160099C9D2 /* Build configuration list for PBXProject "First" */;
			compatibilityVersion = "Xcode 9.3";
			developmentRegion = en;
			hasScannedForEncodings = 0;
			knownRegions = (
				en,
				Base,
			);
			mainGroup = B1284075218879160099C9D2;
			productRefGroup = B128407F218879170099C9D2 /* Products */;
			projectDirPath = "";
			projectRoot = "";
			targets = (
				B128407D218879170099C9D2 /* First */,
				B12840912188791D0099C9D2 /* FirstTests */,
				B128409C2188791D0099C9D2 /* FirstUITests */,
			);
		};
/* End PBXProject section */

/* Begin PBXResourcesBuildPhase section */
		B128407C218879170099C9D2 /* Resources */ = {
			isa = PBXResourcesBuildPhase;
			buildActionMask = 2147483647;
			files = (
				B128408C2188791D0099C9D2 /* LaunchScreen.storyboard in Resources */,
				B12840892188791D0099C9D2 /* Assets.xcassets in Resources */,
				B1284087218879170099C9D2 /* Main.storyboard in Resources */,
			);
			runOnlyForDeploymentPostprocessing = 0;
		};
		B12840902188791D0099C9D2 /* Resources */ = {
			isa = PBXResourcesBuildPhase;
			buildActionMask = 2147483647;
			files = (
			);
			runOnlyForDeploymentPostprocessing = 0;
		};
		B128409B2188791D0099C9D2 /* Resources */ = {
			isa = PBXResourcesBuildPhase;
			buildActionMask = 2147483647;
			files = (
			);
			runOnlyForDeploymentPostprocessing = 0;
		};
/* End PBXResourcesBuildPhase section */

/* Begin PBXSourcesBuildPhase section */
		B128407A218879170099C9D2 /* Sources */ = {
			isa = PBXSourcesBuildPhase;
			buildActionMask = 2147483647;
			files = (
				B1284084218879170099C9D2 /* ViewController.swift in Sources */,
				B1284082218879170099C9D2 /* AppDelegate.swift in Sources */,
			);
			runOnlyForDeploymentPostprocessing = 0;
		};
		B128408E2188791D0099C9D2 /* Sources */ = {
			isa = PBXSourcesBuildPhase;
			buildActionMask = 2147483647;
			files = (
				B12840972188791D0099C9D2 /* FirstTests.swift in Sources */,
			);
			runOnlyForDeploymentPostprocessing = 0;
		};
		B12840992188791D0099C9D2 /* Sources */ = {
			isa = PBXSourcesBuildPhase;
			buildActionMask = 2147483647;
			files = (
				B12840A22188791D0099C9D2 /* FirstUITests.swift in Sources */,
			);
			runOnlyForDeploymentPostprocessing = 0;
		};
/* End PBXSourcesBuildPhase section */

/* Begin PBXTargetDependency section */
		B12840942188791D0099C9D2 /* PBXTargetDependency */ = {
			isa = PBXTargetDependency;
			target = B128407D218879170099C9D2 /* First */;
			targetProxy = B12840932188791D0099C9D2 /* PBXContainerItemProxy */;
		};
		B128409F2188791D0099C9D2 /* PBXTargetDependency */ = {
			isa = PBXTargetDependency;
			target = B128407D218879170099C9D2 /* First */;
			targetProxy = B128409E2188791D0099C9D2 /* PBXContainerItemProxy */;
		};
/* End PBXTargetDependency section */

/* Begin PBXVariantGroup section */
		B1284085218879170099C9D2 /* Main.storyboard */ = {
			isa = PBXVariantGroup;
			children = (
				B1284086218879170099C9D2 /* Base */,
			);
			name = Main.storyboard;
			sourceTree = "<group>";
		};
		B128408A2188791D0099C9D2 /* LaunchScreen.storyboard */ = {
			isa = PBXVariantGroup;
			children = (
				B128408B2188791D0099C9D2 /* Base */,
			);
			name = LaunchScreen.storyboard;
			sourceTree = "<group>";
		};
/* End PBXVariantGroup section */

/* Begin XCBuildConfiguration section */
		B12840A42188791D0099C9D2 /* Debug */ = {
			isa = XCBuildConfiguration;
			buildSettings = {
				ALWAYS_SEARCH_USER_PATHS = NO;
				CLANG_ANALYZER_NONNULL = YES;
				CLANG_ANALYZER_NUMBER_OBJECT_CONVERSION = YES_AGGRESSIVE;
				CLANG_CXX_LANGUAGE_STANDARD = "gnu++14";
				CLANG_CXX_LIBRARY = "libc++";
				CLANG_ENABLE_MODULES = YES;
				CLANG_ENABLE_OBJC_ARC = YES;
				CLANG_ENABLE_OBJC_WEAK = YES;
				CLANG_WARN_BLOCK_CAPTURE_AUTORELEASING = YES;
				CLANG_WARN_BOOL_CONVERSION = YES;
				CLANG_WARN_COMMA = YES;
				CLANG_WARN_CONSTANT_CONVERSION = YES;
				CLANG_WARN_DEPRECATED_OBJC_IMPLEMENTATIONS = YES;
				CLANG_WARN_DIRECT_OBJC_ISA_USAGE = YES_ERROR;
				CLANG_WARN_DOCUMENTATION_COMMENTS = YES;
				CLANG_WARN_EMPTY_BODY = YES;
				CLANG_WARN_ENUM_CONVERSION = YES;
				CLANG_WARN_INFINITE_RECURSION = YES;
				CLANG_WARN_INT_CONVERSION = YES;
				CLANG_WARN_NON_LITERAL_NULL_CONVERSION = YES;
				CLANG_WARN_OBJC_IMPLICIT_RETAIN_SELF = YES;
				CLANG_WARN_OBJC_LITERAL_CONVERSION = YES;
				CLANG_WARN_OBJC_ROOT_CLASS = YES_ERROR;
				CLANG_WARN_RANGE_LOOP_ANALYSIS = YES;
				CLANG_WARN_STRICT_PROTOTYPES = YES;
				CLANG_WARN_SUSPICIOUS_MOVE = YES;
				CLANG_WARN_UNGUARDED_AVAILABILITY = YES_AGGRESSIVE;
				CLANG_WARN_UNREACHABLE_CODE = YES;
				CLANG_WARN__DUPLICATE_METHOD_MATCH = YES;
				CODE_SIGN_IDENTITY = "iPhone Developer";
				COPY_PHASE_STRIP = NO;
				DEBUG_INFORMATION_FORMAT = dwarf;
				ENABLE_STRICT_OBJC_MSGSEND = YES;
				ENABLE_TESTABILITY = YES;
				GCC_C_LANGUAGE_STANDARD = gnu11;
				GCC_DYNAMIC_NO_PIC = NO;
				GCC_NO_COMMON_BLOCKS = YES;
				GCC_OPTIMIZATION_LEVEL = 0;
				GCC_PREPROCESSOR_DEFINITIONS = (
					"DEBUG=1",
					"$(inherited)",
				);
				GCC_WARN_64_TO_32_BIT_CONVERSION = YES;
				GCC_WARN_ABOUT_RETURN_TYPE = YES_ERROR;
				GCC_WARN_UNDECLARED_SELECTOR = YES;
				GCC_WARN_UNINITIALIZED_AUTOS = YES_AGGRESSIVE;
				GCC_WARN_UNUSED_FUNCTION = YES;
				GCC_WARN_UNUSED_VARIABLE = YES;
				IPHONEOS_DEPLOYMENT_TARGET = 12.0;
				MTL_ENABLE_DEBUG_INFO = INCLUDE_SOURCE;
				MTL_FAST_MATH = YES;
				ONLY_ACTIVE_ARCH = YES;
				SDKROOT = iphoneos;
				SWIFT_ACTIVE_COMPILATION_CONDITIONS = DEBUG;
				SWIFT_OPTIMIZATION_LEVEL = "-Onone";
			};
			name = Debug;
		};
		B12840A52188791D0099C9D2 /* Release */ = {
			isa = XCBuildConfiguration;
			buildSettings = {
				ALWAYS_SEARCH_USER_PATHS = NO;
				CLANG_ANALYZER_NONNULL = YES;
				CLANG_ANALYZER_NUMBER_OBJECT_CONVERSION = YES_AGGRESSIVE;
				CLANG_CXX_LANGUAGE_STANDARD = "gnu++14";
				CLANG_CXX_LIBRARY = "libc++";
				CLANG_ENABLE_MODULES = YES;
				CLANG_ENABLE_OBJC_ARC = YES;
				CLANG_ENABLE_OBJC_WEAK = YES;
				CLANG_WARN_BLOCK_CAPTURE_AUTORELEASING = YES;
				CLANG_WARN_BOOL_CONVERSION = YES;
				CLANG_WARN_COMMA = YES;
				CLANG_WARN_CONSTANT_CONVERSION = YES;
				CLANG_WARN_DEPRECATED_OBJC_IMPLEMENTATIONS = YES;
				CLANG_WARN_DIRECT_OBJC_ISA_USAGE = YES_ERROR;
				CLANG_WARN_DOCUMENTATION_COMMENTS = YES;
				CLANG_WARN_EMPTY_BODY = YES;
				CLANG_WARN_ENUM_CONVERSION = YES;
				CLANG_WARN_INFINITE_RECURSION = YES;
				CLANG_WARN_INT_CONVERSION = YES;
				CLANG_WARN_NON_LITERAL_NULL_CONVERSION = YES;
				CLANG_WARN_OBJC_IMPLICIT_RETAIN_SELF = YES;
				CLANG_WARN_OBJC_LITERAL_CONVERSION = YES;
				CLANG_WARN_OBJC_ROOT_CLASS = YES_ERROR;
				CLANG_WARN_RANGE_LOOP_ANALYSIS = YES;
				CLANG_WARN_STRICT_PROTOTYPES = YES;
				CLANG_WARN_SUSPICIOUS_MOVE = YES;
				CLANG_WARN_UNGUARDED_AVAILABILITY = YES_AGGRESSIVE;
				CLANG_WARN_UNREACHABLE_CODE = YES;
				CLANG_WARN__DUPLICATE_METHOD_MATCH = YES;
				CODE_SIGN_IDENTITY = "iPhone Developer";
				COPY_PHASE_STRIP = NO;
				DEBUG_INFORMATION_FORMAT = "dwarf-with-dsym";
				ENABLE_NS_ASSERTIONS = NO;
				ENABLE_STRICT_OBJC_MSGSEND = YES;
				GCC_C_LANGUAGE_STANDARD = gnu11;
				GCC_NO_COMMON_BLOCKS = YES;
				GCC_WARN_64_TO_32_BIT_CONVERSION = YES;
				GCC_WARN_ABOUT_RETURN_TYPE = YES_ERROR;
				GCC_WARN_UNDECLARED_SELECTOR = YES;
				GCC_WARN_UNINITIALIZED_AUTOS = YES_AGGRESSIVE;
				GCC_WARN_UNUSED_FUNCTION = YES;
				GCC_WARN_UNUSED_VARIABLE = YES;
				IPHONEOS_DEPLOYMENT_TARGET = 12.0;
				MTL_ENABLE_DEBUG_INFO = NO;
				MTL_FAST_MATH = YES;
				SDKROOT = iphoneos;
				SWIFT_COMPILATION_MODE = wholemodule;
				SWIFT_OPTIMIZATION_LEVEL = "-O";
				VALIDATE_PRODUCT = YES;
			};
			name = Release;
		};
		B12840A72188791D0099C9D2 /* Debug */ = {
			isa = XCBuildConfiguration;
			buildSettings = {
				ASSETCATALOG_COMPILER_APPICON_NAME = AppIcon;
				CODE_SIGN_STYLE = Automatic;
				INFOPLIST_FILE = First/Info.plist;
				LD_RUNPATH_SEARCH_PATHS = (
					"$(inherited)",
					"@executable_path/Frameworks",
				);
				PRODUCT_BUNDLE_IDENTIFIER = RT.First;
				PRODUCT_NAME = "$(TARGET_NAME)";
				SWIFT_VERSION = 4.2;
				TARGETED_DEVICE_FAMILY = "1,2";
			};
			name = Debug;
		};
		B12840A82188791D0099C9D2 /* Release */ = {
			isa = XCBuildConfiguration;
			buildSettings = {
				ASSETCATALOG_COMPILER_APPICON_NAME = AppIcon;
				CODE_SIGN_STYLE = Automatic;
				INFOPLIST_FILE = First/Info.plist;
				LD_RUNPATH_SEARCH_PATHS = (
					"$(inherited)",
					"@executable_path/Frameworks",
				);
				PRODUCT_BUNDLE_IDENTIFIER = RT.First;
				PRODUCT_NAME = "$(TARGET_NAME)";
				SWIFT_VERSION = 4.2;
				TARGETED_DEVICE_FAMILY = "1,2";
			};
			name = Release;
		};
		B12840AA2188791D0099C9D2 /* Debug */ = {
			isa = XCBuildConfiguration;
			buildSettings = {
				ALWAYS_EMBED_SWIFT_STANDARD_LIBRARIES = YES;
				BUNDLE_LOADER = "$(TEST_HOST)";
				CODE_SIGN_STYLE = Automatic;
				INFOPLIST_FILE = FirstTests/Info.plist;
				LD_RUNPATH_SEARCH_PATHS = (
					"$(inherited)",
					"@executable_path/Frameworks",
					"@loader_path/Frameworks",
				);
				PRODUCT_BUNDLE_IDENTIFIER = RT.FirstTests;
				PRODUCT_NAME = "$(TARGET_NAME)";
				SWIFT_VERSION = 4.2;
				TARGETED_DEVICE_FAMILY = "1,2";
				TEST_HOST = "$(BUILT_PRODUCTS_DIR)/First.app/First";
			};
			name = Debug;
		};
		B12840AB2188791D0099C9D2 /* Release */ = {
			isa = XCBuildConfiguration;
			buildSettings = {
				ALWAYS_EMBED_SWIFT_STANDARD_LIBRARIES = YES;
				BUNDLE_LOADER = "$(TEST_HOST)";
				CODE_SIGN_STYLE = Automatic;
				INFOPLIST_FILE = FirstTests/Info.plist;
				LD_RUNPATH_SEARCH_PATHS = (
					"$(inherited)",
					"@executable_path/Frameworks",
					"@loader_path/Frameworks",
				);
				PRODUCT_BUNDLE_IDENTIFIER = RT.FirstTests;
				PRODUCT_NAME = "$(TARGET_NAME)";
				SWIFT_VERSION = 4.2;
				TARGETED_DEVICE_FAMILY = "1,2";
				TEST_HOST = "$(BUILT_PRODUCTS_DIR)/First.app/First";
			};
			name = Release;
		};
		B12840AD2188791D0099C9D2 /* Debug */ = {
			isa = XCBuildConfiguration;
			buildSettings = {
				ALWAYS_EMBED_SWIFT_STANDARD_LIBRARIES = YES;
				CODE_SIGN_STYLE = Automatic;
				INFOPLIST_FILE = FirstUITests/Info.plist;
				LD_RUNPATH_SEARCH_PATHS = (
					"$(inherited)",
					"@executable_path/Frameworks",
					"@loader_path/Frameworks",
				);
				PRODUCT_BUNDLE_IDENTIFIER = RT.FirstUITests;
				PRODUCT_NAME = "$(TARGET_NAME)";
				SWIFT_VERSION = 4.2;
				TARGETED_DEVICE_FAMILY = "1,2";
				TEST_TARGET_NAME = First;
			};
			name = Debug;
		};
		B12840AE2188791D0099C9D2 /* Release */ = {
			isa = XCBuildConfiguration;
			buildSettings = {
				ALWAYS_EMBED_SWIFT_STANDARD_LIBRARIES = YES;
				CODE_SIGN_STYLE = Automatic;
				INFOPLIST_FILE = FirstUITests/Info.plist;
				LD_RUNPATH_SEARCH_PATHS = (
					"$(inherited)",
					"@executable_path/Frameworks",
					"@loader_path/Frameworks",
				);
				PRODUCT_BUNDLE_IDENTIFIER = RT.FirstUITests;
				PRODUCT_NAME = "$(TARGET_NAME)";
				SWIFT_VERSION = 4.2;
				TARGETED_DEVICE_FAMILY = "1,2";
				TEST_TARGET_NAME = First;
			};
			name = Release;
		};
/* End XCBuildConfiguration section */

/* Begin XCConfigurationList section */
		B1284079218879160099C9D2 /* Build configuration list for PBXProject "First" */ = {
			isa = XCConfigurationList;
			buildConfigurations = (
				B12840A42188791D0099C9D2 /* Debug */,
				B12840A52188791D0099C9D2 /* Release */,
			);
			defaultConfigurationIsVisible = 0;
			defaultConfigurationName = Release;
		};
		B12840A62188791D0099C9D2 /* Build configuration list for PBXNativeTarget "First" */ = {
			isa = XCConfigurationList;
			buildConfigurations = (
				B12840A72188791D0099C9D2 /* Debug */,
				B12840A82188791D0099C9D2 /* Release */,
			);
			defaultConfigurationIsVisible = 0;
			defaultConfigurationName = Release;
		};
		B12840A92188791D0099C9D2 /* Build configuration list for PBXNativeTarget "FirstTests" */ = {
			isa = XCConfigurationList;
			buildConfigurations = (
				B12840AA2188791D0099C9D2 /* Debug */,
				B12840AB2188791D0099C9D2 /* Release */,
			);
			defaultConfigurationIsVisible = 0;
			defaultConfigurationName = Release;
		};
		B12840AC2188791D0099C9D2 /* Build configuration list for PBXNativeTarget "FirstUITests" */ = {
			isa = XCConfigurationList;
			buildConfigurations = (
				B12840AD2188791D0099C9D2 /* Debug */,
				B12840AE2188791D0099C9D2 /* Release */,
			);
			defaultConfigurationIsVisible = 0;
			defaultConfigurationName = Release;
		};
/* End XCConfigurationList section */
	};
	rootObject = B1284076218879160099C9D2 /* Project object */;
}
